
Microsoft Visual Studio Solution File, Format Version 12.00
# Visual Studio Version 17
VisualStudioVersion = 17.13.35919.96
MinimumVisualStudioVersion = 10.0.40219.1
Project("{FAE04EC0-301F-11D3-BF4B-00C04F79EFBC}") = "Bodde.EFPOC", "Bodde.EFPOC\Bodde.EFPOC.csproj", "{06291C5C-6E3C-4626-B77C-5EECCC66386F}"
EndProject
Project("{FAE04EC0-301F-11D3-BF4B-00C04F79EFBC}") = "Bodde.EFPOC.Tests", "Bodde.EFPOC.Tests\Bodde.EFPOC.Tests.csproj", "{F9AB492B-482B-45C1-B102-00B0133B8875}"
EndProject
Global
	GlobalSection(SolutionConfigurationPlatforms) = preSolution
		Debug|Any CPU = Debug|Any CPU
		Release|Any CPU = Release|Any CPU
	EndGlobalSection
	GlobalSection(ProjectConfigurationPlatforms) = postSolution
		{06291C5C-6E3C-4626-B77C-5EECCC66386F}.Debug|Any CPU.ActiveCfg = Debug|Any CPU
		{06291C5C-6E3C-4626-B77C-5EECCC66386F}.Debug|Any CPU.Build.0 = Debug|Any CPU
		{06291C5C-6E3C-4626-B77C-5EECCC66386F}.Release|Any CPU.ActiveCfg = Release|Any CPU
		{06291C5C-6E3C-4626-B77C-5EECCC66386F}.Release|Any CPU.Build.0 = Release|Any CPU
		{F9AB492B-482B-45C1-B102-00B0133B8875}.Debug|Any CPU.ActiveCfg = Debug|Any CPU
		{F9AB492B-482B-45C1-B102-00B0133B8875}.Debug|Any CPU.Build.0 = Debug|Any CPU
		{F9AB492B-482B-45C1-B102-00B0133B8875}.Release|Any CPU.ActiveCfg = Release|Any CPU
		{F9AB492B-482B-45C1-B102-00B0133B8875}.Release|Any CPU.Build.0 = Release|Any CPU
	EndGlobalSection
	GlobalSection(SolutionProperties) = preSolution
		HideSolutionNode = FALSE
	EndGlobalSection
	GlobalSection(ExtensibilityGlobals) = postSolution
		SolutionGuid = {5AFF2172-8269-453E-87D1-EDEE58D52A30}
	EndGlobalSection
EndGlobal
